
Microsoft Visual Studio Solution File, Format Version 12.00
Project("{FAE04EC0-301F-11D3-BF4B-00C04F79EFBC}") = "ArtOfResourceOptimization", "ArtOfResourceOptimization\ArtOfResourceOptimization.csproj", "{4B27ED5E-D016-42AB-B7AF-A0735EFE1E9D}"
EndProject
Project("{FAE04EC0-301F-11D3-BF4B-00C04F79EFBC}") = "BenchmarkRunner", "BenchmarkRunner\BenchmarkRunner.csproj", "{4BD41F10-EA2E-4756-B790-FD8B0C1E2C20}"
EndProject
Global
	GlobalSection(SolutionConfigurationPlatforms) = preSolution
		Debug|Any CPU = Debug|Any CPU
		Release|Any CPU = Release|Any CPU
	EndGlobalSection
	GlobalSection(ProjectConfigurationPlatforms) = postSolution
		{4B27ED5E-D016-42AB-B7AF-A0735EFE1E9D}.Debug|Any CPU.ActiveCfg = Debug|Any CPU
		{4B27ED5E-D016-42AB-B7AF-A0735EFE1E9D}.Debug|Any CPU.Build.0 = Debug|Any CPU
		{4B27ED5E-D016-42AB-B7AF-A0735EFE1E9D}.Release|Any CPU.ActiveCfg = Release|Any CPU
		{4B27ED5E-D016-42AB-B7AF-A0735EFE1E9D}.Release|Any CPU.Build.0 = Release|Any CPU
		{4BD41F10-EA2E-4756-B790-FD8B0C1E2C20}.Debug|Any CPU.ActiveCfg = Debug|Any CPU
		{4BD41F10-EA2E-4756-B790-FD8B0C1E2C20}.Debug|Any CPU.Build.0 = Debug|Any CPU
		{4BD41F10-EA2E-4756-B790-FD8B0C1E2C20}.Release|Any CPU.ActiveCfg = Release|Any CPU
		{4BD41F10-EA2E-4756-B790-FD8B0C1E2C20}.Release|Any CPU.Build.0 = Release|Any CPU
	EndGlobalSection
EndGlobal
